
Microsoft Visual Studio Solution File, Format Version 12.00
# Visual Studio 14
VisualStudioVersion = 14.0.25420.1
MinimumVisualStudioVersion = 10.0.40219.1
Project("{FAE04EC0-301F-11D3-BF4B-00C04F79EFBC}") = "WorksheetBuilder.Common", "WorksheetBuilder\WorksheetBuilder.Common.csproj", "{9FD34588-EBDD-4125-AFBA-4AC3DA9B69F0}"
EndProject
Project("{2150E333-8FDC-42A3-9474-1A3956D46DE8}") = "Tests", "Tests", "{4E2BC060-E24A-44C3-BE25-5D10F6DB34F6}"
EndProject
Project("{FAE04EC0-301F-11D3-BF4B-00C04F79EFBC}") = "WorksheetBuilder.CommonTests", "WorksheetBuilder.CommonTests\WorksheetBuilder.CommonTests.csproj", "{EA97913D-0843-4312-A600-A1FDD6542DDF}"
EndProject
Global
	GlobalSection(SolutionConfigurationPlatforms) = preSolution
		Debug|Any CPU = Debug|Any CPU
		Release|Any CPU = Release|Any CPU
	EndGlobalSection
	GlobalSection(ProjectConfigurationPlatforms) = postSolution
		{9FD34588-EBDD-4125-AFBA-4AC3DA9B69F0}.Debug|Any CPU.ActiveCfg = Debug|Any CPU
		{9FD34588-EBDD-4125-AFBA-4AC3DA9B69F0}.Debug|Any CPU.Build.0 = Debug|Any CPU
		{9FD34588-EBDD-4125-AFBA-4AC3DA9B69F0}.Release|Any CPU.ActiveCfg = Release|Any CPU
		{9FD34588-EBDD-4125-AFBA-4AC3DA9B69F0}.Release|Any CPU.Build.0 = Release|Any CPU
		{EA97913D-0843-4312-A600-A1FDD6542DDF}.Debug|Any CPU.ActiveCfg = Debug|Any CPU
		{EA97913D-0843-4312-A600-A1FDD6542DDF}.Debug|Any CPU.Build.0 = Debug|Any CPU
		{EA97913D-0843-4312-A600-A1FDD6542DDF}.Release|Any CPU.ActiveCfg = Release|Any CPU
		{EA97913D-0843-4312-A600-A1FDD6542DDF}.Release|Any CPU.Build.0 = Release|Any CPU
	EndGlobalSection
	GlobalSection(SolutionProperties) = preSolution
		HideSolutionNode = FALSE
	EndGlobalSection
	GlobalSection(NestedProjects) = preSolution
		{EA97913D-0843-4312-A600-A1FDD6542DDF} = {4E2BC060-E24A-44C3-BE25-5D10F6DB34F6}
	EndGlobalSection
EndGlobal
